
Microsoft Visual Studio Solution File, Format Version 12.00
# Visual Studio 15
VisualStudioVersion = 15.0.26124.0
MinimumVisualStudioVersion = 15.0.26124.0
Project("{FAE04EC0-301F-11D3-BF4B-00C04F79EFBC}") = "Tests", "Tests\Tests.csproj", "{EE29CBE9-1EA3-4FB5-AB85-DF892AF6BB76}"
EndProject
Project("{2150E333-8FDC-42A3-9474-1A3956D46DE8}") = "PageObjectModel", "PageObjectModel", "{2A9CA9AF-78A3-49E6-8178-D1701D39CE9C}"
EndProject
Project("{FAE04EC0-301F-11D3-BF4B-00C04F79EFBC}") = "Test", "PageObjectModel\Test\Test.csproj", "{4C361DDA-4B9E-4326-9C01-A52A78F974C2}"
EndProject
Project("{FAE04EC0-301F-11D3-BF4B-00C04F79EFBC}") = "Page", "PageObjectModel\Page\Page.csproj", "{8B9759E1-6395-4F92-A84F-3A3D2DF903C4}"
EndProject
Project("{2150E333-8FDC-42A3-9474-1A3956D46DE8}") = "Framework", "Framework", "{2DF84928-0807-4206-8699-6E2194BBB805}"
EndProject
Project("{FAE04EC0-301F-11D3-BF4B-00C04F79EFBC}") = "Driver", "Framework\Driver\Driver.csproj", "{9601940E-B996-43CE-B93D-84DB5A97D078}"
EndProject
Project("{FAE04EC0-301F-11D3-BF4B-00C04F79EFBC}") = "Pages", "Framework\Pages\Pages.csproj", "{3F9CB4D3-430D-4516-8FB7-23C889A260B2}"
EndProject
Project("{FAE04EC0-301F-11D3-BF4B-00C04F79EFBC}") = "Tests", "Framework\Tests\Tests.csproj", "{2ECF9A22-E2BC-4694-9361-66F103B395BA}"
EndProject
Project("{FAE04EC0-301F-11D3-BF4B-00C04F79EFBC}") = "Service", "Framework\Service\Service.csproj", "{988DEB70-40E0-4C74-A171-A02DA91A8B77}"
EndProject
Project("{FAE04EC0-301F-11D3-BF4B-00C04F79EFBC}") = "Model", "Framework\Model\Model.csproj", "{1B0A8B2B-9084-4316-A526-0D7AE25ACA08}"
EndProject
Project("{2150E333-8FDC-42A3-9474-1A3956D46DE8}") = "EpicGames", "EpicGames", "{B89C4BAA-6617-471F-992F-4EA6C8B7CBBA}"
EndProject
Project("{FAE04EC0-301F-11D3-BF4B-00C04F79EFBC}") = "Pages", "EpicGames\Pages\Pages.csproj", "{4698B042-9ABC-4B99-8A92-694495E7D47E}"
EndProject
Project("{FAE04EC0-301F-11D3-BF4B-00C04F79EFBC}") = "Tests", "EpicGames\Tests\Tests.csproj", "{8CEED080-FBCB-44E1-92B4-C61BDCFD4679}"
EndProject
Global
	GlobalSection(SolutionConfigurationPlatforms) = preSolution
		Debug|Any CPU = Debug|Any CPU
		Debug|x64 = Debug|x64
		Debug|x86 = Debug|x86
		Release|Any CPU = Release|Any CPU
		Release|x64 = Release|x64
		Release|x86 = Release|x86
	EndGlobalSection
	GlobalSection(SolutionProperties) = preSolution
		HideSolutionNode = FALSE
	EndGlobalSection
	GlobalSection(ProjectConfigurationPlatforms) = postSolution
		{EE29CBE9-1EA3-4FB5-AB85-DF892AF6BB76}.Debug|Any CPU.ActiveCfg = Debug|Any CPU
		{EE29CBE9-1EA3-4FB5-AB85-DF892AF6BB76}.Debug|Any CPU.Build.0 = Debug|Any CPU
		{EE29CBE9-1EA3-4FB5-AB85-DF892AF6BB76}.Debug|x64.ActiveCfg = Debug|Any CPU
		{EE29CBE9-1EA3-4FB5-AB85-DF892AF6BB76}.Debug|x64.Build.0 = Debug|Any CPU
		{EE29CBE9-1EA3-4FB5-AB85-DF892AF6BB76}.Debug|x86.ActiveCfg = Debug|Any CPU
		{EE29CBE9-1EA3-4FB5-AB85-DF892AF6BB76}.Debug|x86.Build.0 = Debug|Any CPU
		{EE29CBE9-1EA3-4FB5-AB85-DF892AF6BB76}.Release|Any CPU.ActiveCfg = Release|Any CPU
		{EE29CBE9-1EA3-4FB5-AB85-DF892AF6BB76}.Release|Any CPU.Build.0 = Release|Any CPU
		{EE29CBE9-1EA3-4FB5-AB85-DF892AF6BB76}.Release|x64.ActiveCfg = Release|Any CPU
		{EE29CBE9-1EA3-4FB5-AB85-DF892AF6BB76}.Release|x64.Build.0 = Release|Any CPU
		{EE29CBE9-1EA3-4FB5-AB85-DF892AF6BB76}.Release|x86.ActiveCfg = Release|Any CPU
		{EE29CBE9-1EA3-4FB5-AB85-DF892AF6BB76}.Release|x86.Build.0 = Release|Any CPU
		{47DE5C39-0D8E-418A-BBCA-5DC98A335355}.Debug|Any CPU.ActiveCfg = Debug|Any CPU
		{47DE5C39-0D8E-418A-BBCA-5DC98A335355}.Debug|Any CPU.Build.0 = Debug|Any CPU
		{47DE5C39-0D8E-418A-BBCA-5DC98A335355}.Debug|x64.ActiveCfg = Debug|Any CPU
		{47DE5C39-0D8E-418A-BBCA-5DC98A335355}.Debug|x64.Build.0 = Debug|Any CPU
		{47DE5C39-0D8E-418A-BBCA-5DC98A335355}.Debug|x86.ActiveCfg = Debug|Any CPU
		{47DE5C39-0D8E-418A-BBCA-5DC98A335355}.Debug|x86.Build.0 = Debug|Any CPU
		{47DE5C39-0D8E-418A-BBCA-5DC98A335355}.Release|Any CPU.ActiveCfg = Release|Any CPU
		{47DE5C39-0D8E-418A-BBCA-5DC98A335355}.Release|Any CPU.Build.0 = Release|Any CPU
		{47DE5C39-0D8E-418A-BBCA-5DC98A335355}.Release|x64.ActiveCfg = Release|Any CPU
		{47DE5C39-0D8E-418A-BBCA-5DC98A335355}.Release|x64.Build.0 = Release|Any CPU
		{47DE5C39-0D8E-418A-BBCA-5DC98A335355}.Release|x86.ActiveCfg = Release|Any CPU
		{47DE5C39-0D8E-418A-BBCA-5DC98A335355}.Release|x86.Build.0 = Release|Any CPU
		{4C361DDA-4B9E-4326-9C01-A52A78F974C2}.Debug|Any CPU.ActiveCfg = Debug|Any CPU
		{4C361DDA-4B9E-4326-9C01-A52A78F974C2}.Debug|Any CPU.Build.0 = Debug|Any CPU
		{4C361DDA-4B9E-4326-9C01-A52A78F974C2}.Debug|x64.ActiveCfg = Debug|Any CPU
		{4C361DDA-4B9E-4326-9C01-A52A78F974C2}.Debug|x64.Build.0 = Debug|Any CPU
		{4C361DDA-4B9E-4326-9C01-A52A78F974C2}.Debug|x86.ActiveCfg = Debug|Any CPU
		{4C361DDA-4B9E-4326-9C01-A52A78F974C2}.Debug|x86.Build.0 = Debug|Any CPU
		{4C361DDA-4B9E-4326-9C01-A52A78F974C2}.Release|Any CPU.ActiveCfg = Release|Any CPU
		{4C361DDA-4B9E-4326-9C01-A52A78F974C2}.Release|Any CPU.Build.0 = Release|Any CPU
		{4C361DDA-4B9E-4326-9C01-A52A78F974C2}.Release|x64.ActiveCfg = Release|Any CPU
		{4C361DDA-4B9E-4326-9C01-A52A78F974C2}.Release|x64.Build.0 = Release|Any CPU
		{4C361DDA-4B9E-4326-9C01-A52A78F974C2}.Release|x86.ActiveCfg = Release|Any CPU
		{4C361DDA-4B9E-4326-9C01-A52A78F974C2}.Release|x86.Build.0 = Release|Any CPU
		{8B9759E1-6395-4F92-A84F-3A3D2DF903C4}.Debug|Any CPU.ActiveCfg = Debug|Any CPU
		{8B9759E1-6395-4F92-A84F-3A3D2DF903C4}.Debug|Any CPU.Build.0 = Debug|Any CPU
		{8B9759E1-6395-4F92-A84F-3A3D2DF903C4}.Debug|x64.ActiveCfg = Debug|Any CPU
		{8B9759E1-6395-4F92-A84F-3A3D2DF903C4}.Debug|x64.Build.0 = Debug|Any CPU
		{8B9759E1-6395-4F92-A84F-3A3D2DF903C4}.Debug|x86.ActiveCfg = Debug|Any CPU
		{8B9759E1-6395-4F92-A84F-3A3D2DF903C4}.Debug|x86.Build.0 = Debug|Any CPU
		{8B9759E1-6395-4F92-A84F-3A3D2DF903C4}.Release|Any CPU.ActiveCfg = Release|Any CPU
		{8B9759E1-6395-4F92-A84F-3A3D2DF903C4}.Release|Any CPU.Build.0 = Release|Any CPU
		{8B9759E1-6395-4F92-A84F-3A3D2DF903C4}.Release|x64.ActiveCfg = Release|Any CPU
		{8B9759E1-6395-4F92-A84F-3A3D2DF903C4}.Release|x64.Build.0 = Release|Any CPU
		{8B9759E1-6395-4F92-A84F-3A3D2DF903C4}.Release|x86.ActiveCfg = Release|Any CPU
		{8B9759E1-6395-4F92-A84F-3A3D2DF903C4}.Release|x86.Build.0 = Release|Any CPU
		{3FA2F6A9-675D-4B75-967A-39093149D08E}.Debug|Any CPU.ActiveCfg = Debug|Any CPU
		{3FA2F6A9-675D-4B75-967A-39093149D08E}.Debug|Any CPU.Build.0 = Debug|Any CPU
		{3FA2F6A9-675D-4B75-967A-39093149D08E}.Debug|x64.ActiveCfg = Debug|Any CPU
		{3FA2F6A9-675D-4B75-967A-39093149D08E}.Debug|x64.Build.0 = Debug|Any CPU
		{3FA2F6A9-675D-4B75-967A-39093149D08E}.Debug|x86.ActiveCfg = Debug|Any CPU
		{3FA2F6A9-675D-4B75-967A-39093149D08E}.Debug|x86.Build.0 = Debug|Any CPU
		{3FA2F6A9-675D-4B75-967A-39093149D08E}.Release|Any CPU.ActiveCfg = Release|Any CPU
		{3FA2F6A9-675D-4B75-967A-39093149D08E}.Release|Any CPU.Build.0 = Release|Any CPU
		{3FA2F6A9-675D-4B75-967A-39093149D08E}.Release|x64.ActiveCfg = Release|Any CPU
		{3FA2F6A9-675D-4B75-967A-39093149D08E}.Release|x64.Build.0 = Release|Any CPU
		{3FA2F6A9-675D-4B75-967A-39093149D08E}.Release|x86.ActiveCfg = Release|Any CPU
		{3FA2F6A9-675D-4B75-967A-39093149D08E}.Release|x86.Build.0 = Release|Any CPU
		{9601940E-B996-43CE-B93D-84DB5A97D078}.Debug|Any CPU.ActiveCfg = Debug|Any CPU
		{9601940E-B996-43CE-B93D-84DB5A97D078}.Debug|Any CPU.Build.0 = Debug|Any CPU
		{9601940E-B996-43CE-B93D-84DB5A97D078}.Debug|x64.ActiveCfg = Debug|Any CPU
		{9601940E-B996-43CE-B93D-84DB5A97D078}.Debug|x64.Build.0 = Debug|Any CPU
		{9601940E-B996-43CE-B93D-84DB5A97D078}.Debug|x86.ActiveCfg = Debug|Any CPU
		{9601940E-B996-43CE-B93D-84DB5A97D078}.Debug|x86.Build.0 = Debug|Any CPU
		{9601940E-B996-43CE-B93D-84DB5A97D078}.Release|Any CPU.ActiveCfg = Release|Any CPU
		{9601940E-B996-43CE-B93D-84DB5A97D078}.Release|Any CPU.Build.0 = Release|Any CPU
		{9601940E-B996-43CE-B93D-84DB5A97D078}.Release|x64.ActiveCfg = Release|Any CPU
		{9601940E-B996-43CE-B93D-84DB5A97D078}.Release|x64.Build.0 = Release|Any CPU
		{9601940E-B996-43CE-B93D-84DB5A97D078}.Release|x86.ActiveCfg = Release|Any CPU
		{9601940E-B996-43CE-B93D-84DB5A97D078}.Release|x86.Build.0 = Release|Any CPU
		{3F9CB4D3-430D-4516-8FB7-23C889A260B2}.Debug|Any CPU.ActiveCfg = Debug|Any CPU
		{3F9CB4D3-430D-4516-8FB7-23C889A260B2}.Debug|Any CPU.Build.0 = Debug|Any CPU
		{3F9CB4D3-430D-4516-8FB7-23C889A260B2}.Debug|x64.ActiveCfg = Debug|Any CPU
		{3F9CB4D3-430D-4516-8FB7-23C889A260B2}.Debug|x64.Build.0 = Debug|Any CPU
		{3F9CB4D3-430D-4516-8FB7-23C889A260B2}.Debug|x86.ActiveCfg = Debug|Any CPU
		{3F9CB4D3-430D-4516-8FB7-23C889A260B2}.Debug|x86.Build.0 = Debug|Any CPU
		{3F9CB4D3-430D-4516-8FB7-23C889A260B2}.Release|Any CPU.ActiveCfg = Release|Any CPU
		{3F9CB4D3-430D-4516-8FB7-23C889A260B2}.Release|Any CPU.Build.0 = Release|Any CPU
		{3F9CB4D3-430D-4516-8FB7-23C889A260B2}.Release|x64.ActiveCfg = Release|Any CPU
		{3F9CB4D3-430D-4516-8FB7-23C889A260B2}.Release|x64.Build.0 = Release|Any CPU
		{3F9CB4D3-430D-4516-8FB7-23C889A260B2}.Release|x86.ActiveCfg = Release|Any CPU
		{3F9CB4D3-430D-4516-8FB7-23C889A260B2}.Release|x86.Build.0 = Release|Any CPU
		{2ECF9A22-E2BC-4694-9361-66F103B395BA}.Debug|Any CPU.ActiveCfg = Debug|Any CPU
		{2ECF9A22-E2BC-4694-9361-66F103B395BA}.Debug|Any CPU.Build.0 = Debug|Any CPU
		{2ECF9A22-E2BC-4694-9361-66F103B395BA}.Debug|x64.ActiveCfg = Debug|Any CPU
		{2ECF9A22-E2BC-4694-9361-66F103B395BA}.Debug|x64.Build.0 = Debug|Any CPU
		{2ECF9A22-E2BC-4694-9361-66F103B395BA}.Debug|x86.ActiveCfg = Debug|Any CPU
		{2ECF9A22-E2BC-4694-9361-66F103B395BA}.Debug|x86.Build.0 = Debug|Any CPU
		{2ECF9A22-E2BC-4694-9361-66F103B395BA}.Release|Any CPU.ActiveCfg = Release|Any CPU
		{2ECF9A22-E2BC-4694-9361-66F103B395BA}.Release|Any CPU.Build.0 = Release|Any CPU
		{2ECF9A22-E2BC-4694-9361-66F103B395BA}.Release|x64.ActiveCfg = Release|Any CPU
		{2ECF9A22-E2BC-4694-9361-66F103B395BA}.Release|x64.Build.0 = Release|Any CPU
		{2ECF9A22-E2BC-4694-9361-66F103B395BA}.Release|x86.ActiveCfg = Release|Any CPU
		{2ECF9A22-E2BC-4694-9361-66F103B395BA}.Release|x86.Build.0 = Release|Any CPU
		{988DEB70-40E0-4C74-A171-A02DA91A8B77}.Debug|Any CPU.ActiveCfg = Debug|Any CPU
		{988DEB70-40E0-4C74-A171-A02DA91A8B77}.Debug|Any CPU.Build.0 = Debug|Any CPU
		{988DEB70-40E0-4C74-A171-A02DA91A8B77}.Debug|x64.ActiveCfg = Debug|Any CPU
		{988DEB70-40E0-4C74-A171-A02DA91A8B77}.Debug|x64.Build.0 = Debug|Any CPU
		{988DEB70-40E0-4C74-A171-A02DA91A8B77}.Debug|x86.ActiveCfg = Debug|Any CPU
		{988DEB70-40E0-4C74-A171-A02DA91A8B77}.Debug|x86.Build.0 = Debug|Any CPU
		{988DEB70-40E0-4C74-A171-A02DA91A8B77}.Release|Any CPU.ActiveCfg = Release|Any CPU
		{988DEB70-40E0-4C74-A171-A02DA91A8B77}.Release|Any CPU.Build.0 = Release|Any CPU
		{988DEB70-40E0-4C74-A171-A02DA91A8B77}.Release|x64.ActiveCfg = Release|Any CPU
		{988DEB70-40E0-4C74-A171-A02DA91A8B77}.Release|x64.Build.0 = Release|Any CPU
		{988DEB70-40E0-4C74-A171-A02DA91A8B77}.Release|x86.ActiveCfg = Release|Any CPU
		{988DEB70-40E0-4C74-A171-A02DA91A8B77}.Release|x86.Build.0 = Release|Any CPU
		{1B0A8B2B-9084-4316-A526-0D7AE25ACA08}.Debug|Any CPU.ActiveCfg = Debug|Any CPU
		{1B0A8B2B-9084-4316-A526-0D7AE25ACA08}.Debug|Any CPU.Build.0 = Debug|Any CPU
		{1B0A8B2B-9084-4316-A526-0D7AE25ACA08}.Debug|x64.ActiveCfg = Debug|Any CPU
		{1B0A8B2B-9084-4316-A526-0D7AE25ACA08}.Debug|x64.Build.0 = Debug|Any CPU
		{1B0A8B2B-9084-4316-A526-0D7AE25ACA08}.Debug|x86.ActiveCfg = Debug|Any CPU
		{1B0A8B2B-9084-4316-A526-0D7AE25ACA08}.Debug|x86.Build.0 = Debug|Any CPU
		{1B0A8B2B-9084-4316-A526-0D7AE25ACA08}.Release|Any CPU.ActiveCfg = Release|Any CPU
		{1B0A8B2B-9084-4316-A526-0D7AE25ACA08}.Release|Any CPU.Build.0 = Release|Any CPU
		{1B0A8B2B-9084-4316-A526-0D7AE25ACA08}.Release|x64.ActiveCfg = Release|Any CPU
		{1B0A8B2B-9084-4316-A526-0D7AE25ACA08}.Release|x64.Build.0 = Release|Any CPU
		{1B0A8B2B-9084-4316-A526-0D7AE25ACA08}.Release|x86.ActiveCfg = Release|Any CPU
		{1B0A8B2B-9084-4316-A526-0D7AE25ACA08}.Release|x86.Build.0 = Release|Any CPU
		{4698B042-9ABC-4B99-8A92-694495E7D47E}.Debug|Any CPU.ActiveCfg = Debug|Any CPU
		{4698B042-9ABC-4B99-8A92-694495E7D47E}.Debug|Any CPU.Build.0 = Debug|Any CPU
		{4698B042-9ABC-4B99-8A92-694495E7D47E}.Debug|x64.ActiveCfg = Debug|Any CPU
		{4698B042-9ABC-4B99-8A92-694495E7D47E}.Debug|x64.Build.0 = Debug|Any CPU
		{4698B042-9ABC-4B99-8A92-694495E7D47E}.Debug|x86.ActiveCfg = Debug|Any CPU
		{4698B042-9ABC-4B99-8A92-694495E7D47E}.Debug|x86.Build.0 = Debug|Any CPU
		{4698B042-9ABC-4B99-8A92-694495E7D47E}.Release|Any CPU.ActiveCfg = Release|Any CPU
		{4698B042-9ABC-4B99-8A92-694495E7D47E}.Release|Any CPU.Build.0 = Release|Any CPU
		{4698B042-9ABC-4B99-8A92-694495E7D47E}.Release|x64.ActiveCfg = Release|Any CPU
		{4698B042-9ABC-4B99-8A92-694495E7D47E}.Release|x64.Build.0 = Release|Any CPU
		{4698B042-9ABC-4B99-8A92-694495E7D47E}.Release|x86.ActiveCfg = Release|Any CPU
		{4698B042-9ABC-4B99-8A92-694495E7D47E}.Release|x86.Build.0 = Release|Any CPU
		{8CEED080-FBCB-44E1-92B4-C61BDCFD4679}.Debug|Any CPU.ActiveCfg = Debug|Any CPU
		{8CEED080-FBCB-44E1-92B4-C61BDCFD4679}.Debug|Any CPU.Build.0 = Debug|Any CPU
		{8CEED080-FBCB-44E1-92B4-C61BDCFD4679}.Debug|x64.ActiveCfg = Debug|Any CPU
		{8CEED080-FBCB-44E1-92B4-C61BDCFD4679}.Debug|x64.Build.0 = Debug|Any CPU
		{8CEED080-FBCB-44E1-92B4-C61BDCFD4679}.Debug|x86.ActiveCfg = Debug|Any CPU
		{8CEED080-FBCB-44E1-92B4-C61BDCFD4679}.Debug|x86.Build.0 = Debug|Any CPU
		{8CEED080-FBCB-44E1-92B4-C61BDCFD4679}.Release|Any CPU.ActiveCfg = Release|Any CPU
		{8CEED080-FBCB-44E1-92B4-C61BDCFD4679}.Release|Any CPU.Build.0 = Release|Any CPU
		{8CEED080-FBCB-44E1-92B4-C61BDCFD4679}.Release|x64.ActiveCfg = Release|Any CPU
		{8CEED080-FBCB-44E1-92B4-C61BDCFD4679}.Release|x64.Build.0 = Release|Any CPU
		{8CEED080-FBCB-44E1-92B4-C61BDCFD4679}.Release|x86.ActiveCfg = Release|Any CPU
		{8CEED080-FBCB-44E1-92B4-C61BDCFD4679}.Release|x86.Build.0 = Release|Any CPU
	EndGlobalSection
	GlobalSection(NestedProjects) = preSolution
		{4C361DDA-4B9E-4326-9C01-A52A78F974C2} = {2A9CA9AF-78A3-49E6-8178-D1701D39CE9C}
		{8B9759E1-6395-4F92-A84F-3A3D2DF903C4} = {2A9CA9AF-78A3-49E6-8178-D1701D39CE9C}
		{9601940E-B996-43CE-B93D-84DB5A97D078} = {2DF84928-0807-4206-8699-6E2194BBB805}
		{3F9CB4D3-430D-4516-8FB7-23C889A260B2} = {2DF84928-0807-4206-8699-6E2194BBB805}
		{2ECF9A22-E2BC-4694-9361-66F103B395BA} = {2DF84928-0807-4206-8699-6E2194BBB805}
		{988DEB70-40E0-4C74-A171-A02DA91A8B77} = {2DF84928-0807-4206-8699-6E2194BBB805}
		{1B0A8B2B-9084-4316-A526-0D7AE25ACA08} = {2DF84928-0807-4206-8699-6E2194BBB805}
		{4698B042-9ABC-4B99-8A92-694495E7D47E} = {B89C4BAA-6617-471F-992F-4EA6C8B7CBBA}
		{8CEED080-FBCB-44E1-92B4-C61BDCFD4679} = {B89C4BAA-6617-471F-992F-4EA6C8B7CBBA}
	EndGlobalSection
EndGlobal
