
Microsoft Visual Studio Solution File, Format Version 12.00
# Visual Studio 15
VisualStudioVersion = 15.0.26124.0
MinimumVisualStudioVersion = 15.0.26124.0
Project("{FAE04EC0-301F-11D3-BF4B-00C04F79EFBC}") = "TriangleService", "TriangleService\TriangleService.csproj", "{5282B474-1A12-4028-81FD-4A963F9C03F2}"
EndProject
Project("{FAE04EC0-301F-11D3-BF4B-00C04F79EFBC}") = "TriangleService.Tests", "TriangleService.Tests\TriangleService.Tests.csproj", "{C229C1B3-006A-45B8-BB51-337189A24A2E}"
EndProject
Project("{FAE04EC0-301F-11D3-BF4B-00C04F79EFBC}") = "TriangleService.Exceptions", "TriangleService.Exceptions\TriangleService.Exceptions.csproj", "{6E690A1B-CD7D-4897-879E-0770177E716A}"
EndProject
Global
	GlobalSection(SolutionConfigurationPlatforms) = preSolution
		Debug|Any CPU = Debug|Any CPU
		Debug|x64 = Debug|x64
		Debug|x86 = Debug|x86
		Release|Any CPU = Release|Any CPU
		Release|x64 = Release|x64
		Release|x86 = Release|x86
	EndGlobalSection
	GlobalSection(SolutionProperties) = preSolution
		HideSolutionNode = FALSE
	EndGlobalSection
	GlobalSection(ProjectConfigurationPlatforms) = postSolution
		{5282B474-1A12-4028-81FD-4A963F9C03F2}.Debug|Any CPU.ActiveCfg = Debug|Any CPU
		{5282B474-1A12-4028-81FD-4A963F9C03F2}.Debug|Any CPU.Build.0 = Debug|Any CPU
		{5282B474-1A12-4028-81FD-4A963F9C03F2}.Debug|x64.ActiveCfg = Debug|Any CPU
		{5282B474-1A12-4028-81FD-4A963F9C03F2}.Debug|x64.Build.0 = Debug|Any CPU
		{5282B474-1A12-4028-81FD-4A963F9C03F2}.Debug|x86.ActiveCfg = Debug|Any CPU
		{5282B474-1A12-4028-81FD-4A963F9C03F2}.Debug|x86.Build.0 = Debug|Any CPU
		{5282B474-1A12-4028-81FD-4A963F9C03F2}.Release|Any CPU.ActiveCfg = Release|Any CPU
		{5282B474-1A12-4028-81FD-4A963F9C03F2}.Release|Any CPU.Build.0 = Release|Any CPU
		{5282B474-1A12-4028-81FD-4A963F9C03F2}.Release|x64.ActiveCfg = Release|Any CPU
		{5282B474-1A12-4028-81FD-4A963F9C03F2}.Release|x64.Build.0 = Release|Any CPU
		{5282B474-1A12-4028-81FD-4A963F9C03F2}.Release|x86.ActiveCfg = Release|Any CPU
		{5282B474-1A12-4028-81FD-4A963F9C03F2}.Release|x86.Build.0 = Release|Any CPU
		{C229C1B3-006A-45B8-BB51-337189A24A2E}.Debug|Any CPU.ActiveCfg = Debug|Any CPU
		{C229C1B3-006A-45B8-BB51-337189A24A2E}.Debug|Any CPU.Build.0 = Debug|Any CPU
		{C229C1B3-006A-45B8-BB51-337189A24A2E}.Debug|x64.ActiveCfg = Debug|Any CPU
		{C229C1B3-006A-45B8-BB51-337189A24A2E}.Debug|x64.Build.0 = Debug|Any CPU
		{C229C1B3-006A-45B8-BB51-337189A24A2E}.Debug|x86.ActiveCfg = Debug|Any CPU
		{C229C1B3-006A-45B8-BB51-337189A24A2E}.Debug|x86.Build.0 = Debug|Any CPU
		{C229C1B3-006A-45B8-BB51-337189A24A2E}.Release|Any CPU.ActiveCfg = Release|Any CPU
		{C229C1B3-006A-45B8-BB51-337189A24A2E}.Release|Any CPU.Build.0 = Release|Any CPU
		{C229C1B3-006A-45B8-BB51-337189A24A2E}.Release|x64.ActiveCfg = Release|Any CPU
		{C229C1B3-006A-45B8-BB51-337189A24A2E}.Release|x64.Build.0 = Release|Any CPU
		{C229C1B3-006A-45B8-BB51-337189A24A2E}.Release|x86.ActiveCfg = Release|Any CPU
		{C229C1B3-006A-45B8-BB51-337189A24A2E}.Release|x86.Build.0 = Release|Any CPU
		{6E690A1B-CD7D-4897-879E-0770177E716A}.Debug|Any CPU.ActiveCfg = Debug|Any CPU
		{6E690A1B-CD7D-4897-879E-0770177E716A}.Debug|Any CPU.Build.0 = Debug|Any CPU
		{6E690A1B-CD7D-4897-879E-0770177E716A}.Debug|x64.ActiveCfg = Debug|Any CPU
		{6E690A1B-CD7D-4897-879E-0770177E716A}.Debug|x64.Build.0 = Debug|Any CPU
		{6E690A1B-CD7D-4897-879E-0770177E716A}.Debug|x86.ActiveCfg = Debug|Any CPU
		{6E690A1B-CD7D-4897-879E-0770177E716A}.Debug|x86.Build.0 = Debug|Any CPU
		{6E690A1B-CD7D-4897-879E-0770177E716A}.Release|Any CPU.ActiveCfg = Release|Any CPU
		{6E690A1B-CD7D-4897-879E-0770177E716A}.Release|Any CPU.Build.0 = Release|Any CPU
		{6E690A1B-CD7D-4897-879E-0770177E716A}.Release|x64.ActiveCfg = Release|Any CPU
		{6E690A1B-CD7D-4897-879E-0770177E716A}.Release|x64.Build.0 = Release|Any CPU
		{6E690A1B-CD7D-4897-879E-0770177E716A}.Release|x86.ActiveCfg = Release|Any CPU
		{6E690A1B-CD7D-4897-879E-0770177E716A}.Release|x86.Build.0 = Release|Any CPU
	EndGlobalSection
EndGlobal
